
Microsoft Visual Studio Solution File, Format Version 12.00
# Visual Studio Version 17
VisualStudioVersion = 17.0.31903.59
MinimumVisualStudioVersion = 10.0.40219.1
Project("{FAE04EC0-301F-11D3-BF4B-00C04F79EFBC}") = "ModernSoftware.App", "App\ModernSoftware.App.csproj", "{17F67F4B-650D-4139-8EE3-67368F49EFF7}"
EndProject
Project("{FAE04EC0-301F-11D3-BF4B-00C04F79EFBC}") = "ModernSoftware.Test", "Test\ModernSoftware.Test.csproj", "{38FDA8F6-510A-483B-BF84-7738CA4BFA2B}"
EndProject
Global
	GlobalSection(SolutionConfigurationPlatforms) = preSolution
		Debug|Any CPU = Debug|Any CPU
		Release|Any CPU = Release|Any CPU
	EndGlobalSection
	GlobalSection(SolutionProperties) = preSolution
		HideSolutionNode = FALSE
	EndGlobalSection
	GlobalSection(ProjectConfigurationPlatforms) = postSolution
		{17F67F4B-650D-4139-8EE3-67368F49EFF7}.Debug|Any CPU.ActiveCfg = Debug|Any CPU
		{17F67F4B-650D-4139-8EE3-67368F49EFF7}.Debug|Any CPU.Build.0 = Debug|Any CPU
		{17F67F4B-650D-4139-8EE3-67368F49EFF7}.Release|Any CPU.ActiveCfg = Release|Any CPU
		{17F67F4B-650D-4139-8EE3-67368F49EFF7}.Release|Any CPU.Build.0 = Release|Any CPU
		{38FDA8F6-510A-483B-BF84-7738CA4BFA2B}.Debug|Any CPU.ActiveCfg = Debug|Any CPU
		{38FDA8F6-510A-483B-BF84-7738CA4BFA2B}.Debug|Any CPU.Build.0 = Debug|Any CPU
		{38FDA8F6-510A-483B-BF84-7738CA4BFA2B}.Release|Any CPU.ActiveCfg = Release|Any CPU
		{38FDA8F6-510A-483B-BF84-7738CA4BFA2B}.Release|Any CPU.Build.0 = Release|Any CPU
	EndGlobalSection
EndGlobal
